
Microsoft Visual Studio Solution File, Format Version 12.00
# Visual Studio Version 17
VisualStudioVersion = 17.6.33815.320
MinimumVisualStudioVersion = 10.0.40219.1
Project("{FAE04EC0-301F-11D3-BF4B-00C04F79EFBC}") = "Hashtable", "Hashtable.csproj", "{A1A36AF9-781D-4565-981F-428262BDB730}"
EndProject
Global
	GlobalSection(SolutionConfigurationPlatforms) = preSolution
		Debug|Any CPU = Debug|Any CPU
		Release|Any CPU = Release|Any CPU
	EndGlobalSection
	GlobalSection(ProjectConfigurationPlatforms) = postSolution
		{A1A36AF9-781D-4565-981F-428262BDB730}.Debug|Any CPU.ActiveCfg = Debug|Any CPU
		{A1A36AF9-781D-4565-981F-428262BDB730}.Debug|Any CPU.Build.0 = Debug|Any CPU
		{A1A36AF9-781D-4565-981F-428262BDB730}.Release|Any CPU.ActiveCfg = Release|Any CPU
		{A1A36AF9-781D-4565-981F-428262BDB730}.Release|Any CPU.Build.0 = Release|Any CPU
	EndGlobalSection
	GlobalSection(SolutionProperties) = preSolution
		HideSolutionNode = FALSE
	EndGlobalSection
	GlobalSection(ExtensibilityGlobals) = postSolution
		SolutionGuid = {70FE32DD-8915-44AA-8160-138E0068476D}
	EndGlobalSection
EndGlobal
